github.com/nutv99/golang2 v0.0.0-20230226112911-d14fd4e05398 h1:w4itj25GuM/10hrMi3fvI1ni21UybWEGg8CIVtowAY8=
github.com/nutv99/golang2 v0.0.0-20230226112911-d14fd4e05398/go.mod h1:uKxkfWeKhEG8xdJ5HMyzHk+JcEGAsd1uBOz8NpfS9qU=
github.com/nutv99/golang2 v0.0.0-20230226121053-e206ce608b70 h1:EvQfMzqX18KTCREHLA/5zCoylnOSVYeOcSNn7STgOLo=
github.com/nutv99/golang2 v0.0.0-20230226121053-e206ce608b70/go.mod h1:uKxkfWeKhEG8xdJ5HMyzHk+JcEGAsd1uBOz8NpfS9qU=
github.com/nutv99/golang2 v0.0.0-20230226121158-232b4e7a6800 h1:99mJXP6/WQInBpthSnWxEFaPK3w8iDizAOqX3sssleA=
github.com/nutv99/golang2 v0.0.0-20230226121158-232b4e7a6800/go.mod h1:uKxkfWeKhEG8xdJ5HMyzHk+JcEGAsd1uBOz8NpfS9qU=
